version = 1
revision = 2
requires-python = ">=3.12"

[[package]]
name = "nexus-rpc"
version = "1.4.0"
source = { registry = "https://pypi.org/simple" }
dependencies = [
    { name = "typing-extensions" },
]
sdist = { url = "https://files.pythonhosted.org/packages/35/d5/cd1ffb202b76ebc1b33c1332a3416e55a39929006982adc2b1eb069aaa9b/nexus_rpc-1.4.0.tar.gz", hash = "sha256:3b8b373d4865671789cc43623e3dc0bcbf192562e40e13727e17f1c149050fba", size = 82367, upload-time = "2026-02-25T22:01:34.053Z" }
wheels = [
    { url = "https://files.pythonhosted.org/packages/11/52/6327a5f4fda01207205038a106a99848a41c83e933cd23ea2cab3d2ebc6c/nexus_rpc-1.4.0-py3-none-any.whl", hash = "sha256:14c953d3519113f8ccec533a9efdb6b10c28afef75d11cdd6d422640c40b3a49", size = 29645, upload-time = "2026-02-25T22:01:33.122Z" },
]

[[package]]
name = "protobuf"
version = "7.35.1"
source = { registry = "https://pypi.org/simple" }
sdist = { url = "https://files.pythonhosted.org/packages/da/01/9ef0afd7999eb9badb3a768b4aedd78c86d4c65cfaf1958ab276199e76b4/protobuf-7.35.1.tar.gz", hash = "sha256:ce115a26fe0c39a2c29973d914d327e516a6455464489fe3cd1e51a1b354f81a", size = 458717, upload-time = "2026-06-11T21:55:40.257Z" }
wheels = [
    { url = "https://files.pythonhosted.org/packages/10/03/8aeeb7458d22546bf64b5250ca1daeb5ff757d900e8e4a7476c6f0db843e/protobuf-7.35.1-cp310-abi3-macosx_10_9_universal2.whl", hash = "sha256:24f857477359a85c0c235261b8ba905fd51b2562f4a64ca1df5473f29850cbf6", size = 433226, upload-time = "2026-06-11T21:55:31.719Z" },
    { url = "https://files.pythonhosted.org/packages/37/4b/dfb89eb0e652a1ff073c39a59fb5e3a83cfe9b57a2c83fa6d78270101767/protobuf-7.35.1-cp310-abi3-manylinux2014_aarch64.whl", hash = "sha256:11d6b0ec246892d85215b0a13ca6e0233cf5284b68f0ac02646427f4ff88a799", size = 328847, upload-time = "2026-06-11T21:55:34.035Z" },
    { url = "https://files.pythonhosted.org/packages/0f/58/dc12f2cd484951524af6e3382c785869b9b3fb5e52ee95ae23add53ee8f9/protobuf-7.35.1-cp310-abi3-manylinux2014_s390x.whl", hash = "sha256:b73f9489a4b8b1c9cb1f8ed951c736392592edb24b9d6819f36d2e10b171d5b4", size = 344030, upload-time = "2026-06-11T21:55:34.941Z" },
    { url = "https://files.pythonhosted.org/packages/e4/be/5b3cfe508bfab6761414ff944e3366eb13be4fd71efcd69450f89ba39f43/protobuf-7.35.1-cp310-abi3-manylinux2014_x86_64.whl", hash = "sha256:74758715c53d7158fb76caf4f0cfdacc5329a4b1bb994f865d6cf302d413a1c4", size = 327130, upload-time = "2026-06-11T21:55:35.921Z" },
    { url = "https://files.pythonhosted.org/packages/d8/bc/6d6c7ba8709c85f8f2c390b2b118d6fb08a783676a572271851bf45a7d22/protobuf-7.35.1-cp310-abi3-win32.whl", hash = "sha256:353652e4efd0bca5b5fc2656abf8307ef351f0cf938c9eba09f0e09c20a25c30", size = 428945, upload-time = "2026-06-11T21:55:37.034Z" },
    { url = "https://files.pythonhosted.org/packages/0a/19/8d0cb6f20a1ef7b18f1c8986ad5783f22f84cce39c6ce9a6e645ea55192e/protobuf-7.35.1-cp310-abi3-win_amd64.whl", hash = "sha256:230a75ddfc2de4806e56696ce9640c1cdfdb6543b7cfce98d42a4c0a0e7bdb87", size = 439996, upload-time = "2026-06-11T21:55:38.123Z" },
    { url = "https://files.pythonhosted.org/packages/19/c7/5f7c636ec43e0c545e28d1f1db71990108306f7bdcb89f069ba97e428e7f/protobuf-7.35.1-py3-none-any.whl", hash = "sha256:4bc97768d8fe4ad6743c8a19403e314511ed9f6d13205b687e52421c023ac1b9", size = 171659, upload-time = "2026-06-11T21:55:39.155Z" },
]

[[package]]
name = "temporal-hello-python"
version = "0.1.0"
source = { virtual = "." }
dependencies = [
    { name = "temporalio" },
]

[package.metadata]
requires-dist = [{ name = "temporalio", specifier = ">=1.9.0" }]

[[package]]
name = "temporalio"
version = "1.31.0"
source = { registry = "https://pypi.org/simple" }
dependencies = [
    { name = "nexus-rpc" },
    { name = "protobuf" },
    { name = "types-protobuf" },
    { name = "typing-extensions" },
]
sdist = { url = "https://files.pythonhosted.org/packages/3c/43/676b56efaa64def06d4a9282cfc08d5a5b1c89de0ded47b692f8eaa30ca8/temporalio-1.31.0.tar.gz", hash = "sha256:2993f4b880170825414116dec7d7159a5d199efc279f29570be6b5c4a9f6edd5", size = 2785306, upload-time = "2026-07-29T17:55:10.995Z" }
wheels = [
    { url = "https://files.pythonhosted.org/packages/c2/7c/b91d831df50651a26562285de7c434a14243504eed853513da6e6afa3f19/temporalio-1.31.0-cp310-abi3-macosx_10_12_x86_64.whl", hash = "sha256:5f9aaf06000768eb80cf5774457d227379dae455a3099aa0a18c4dca631c0d27", size = 14505266, upload-time = "2026-07-29T17:54:52.932Z" },
    { url = "https://files.pythonhosted.org/packages/d6/d9/4655fc5d7ea662aac2af972e114ffeae45800bcded5ca3d31b2bcd99179d/temporalio-1.31.0-cp310-abi3-macosx_11_0_arm64.whl", hash = "sha256:abbfb486ba00053ccfa57c9c38b38f80f5dbfd08c67beb7a621515a57a9b9e9b", size = 14037187, upload-time = "2026-07-29T17:54:55.771Z" },
    { url = "https://files.pythonhosted.org/packages/52/8e/52bd6a90cba3d4b257d7aa7426598e622cf05ab39a174b477535eba59c14/temporalio-1.31.0-cp310-abi3-manylinux_2_17_aarch64.manylinux2014_aarch64.whl", hash = "sha256:9e840b462125274cb0d4748e7cedc386c303b2a51bf76bab30b96f1ebbc657ae", size = 14445065, upload-time = "2026-07-29T17:54:58.254Z" },
    { url = "https://files.pythonhosted.org/packages/d9/91/b644c2122943939e02c0e0ff1902b9c6ff7d5e0d6eec334abbfd4ee6bb17/temporalio-1.31.0-cp310-abi3-manylinux_2_17_x86_64.manylinux2014_x86_64.whl", hash = "sha256:04d26f0f634f5325f6a19a45cd67cc5a2da4bd35268d27997f6723134d38c8be", size = 14831115, upload-time = "2026-07-29T17:55:00.923Z" },
    { url = "https://files.pythonhosted.org/packages/8f/42/abc82a89323234026753ac801a1dbc36b4322dcdec5f1e38bee6405f3493/temporalio-1.31.0-cp310-abi3-musllinux_1_2_aarch64.whl", hash = "sha256:f23f36d0e5d2e67f2129fc1cb876cf1e4e614f791a717d692f7c15fb732abe41", size = 14542828, upload-time = "2026-07-29T17:55:03.378Z" },
    { url = "https://files.pythonhosted.org/packages/8d/67/9260f4544eb5d44867ef58e4a0e63dd3d643e26b2a94e21e027ceaeb0059/temporalio-1.31.0-cp310-abi3-musllinux_1_2_x86_64.whl", hash = "sha256:52f8cc7f0b5a19d49f0c2d748420267aaacc2be0bb614743de8d10faf77a57c9", size = 15019517, upload-time = "2026-07-29T17:55:05.758Z" },
    { url = "https://files.pythonhosted.org/packages/ce/96/b71e66a1921906f072038286e30946098531fd3363029f3d08c1723aa39a/temporalio-1.31.0-cp310-abi3-win_amd64.whl", hash = "sha256:aa6e9602829584b22037da6ccf99d2e089f02cec86ee7178206b1afb115cf092", size = 15527552, upload-time = "2026-07-29T17:55:08.287Z" },
]

[[package]]
name = "types-protobuf"
version = "7.34.1.20260816"
source = { registry = "https://pypi.org/simple" }
sdist = { url = "https://files.pythonhosted.org/packages/e0/86/f592845ff8410583687e6dbf985a028e6ec6d378d0bdf548817aa39937b9/types_protobuf-7.34.1.20260816.tar.gz", hash = "sha256:6f43846e7a3cc2621abfa79e2bb03461e6769a74cdae7462efaddf84580fd5c1", size = 69170, upload-time = "2026-08-16T02:50:00.998Z" }
wheels = [
    { url = "https://files.pythonhosted.org/packages/14/cc/909e791f11de77c2073007dbcce8b502865ef12c7881bdf36b0ccb206ab4/types_protobuf-7.34.1.20260816-py3-none-any.whl", hash = "sha256:2e3a225b3c21f0022daa34cec155f03858bb9aff9792947b8e71f0e9f1791fdb", size = 86036, upload-time = "2026-08-16T02:49:59.807Z" },
]

[[package]]
name = "typing-extensions"
version = "4.16.0"
source = { registry = "https://pypi.org/simple" }
sdist = { url = "https://files.pythonhosted.org/packages/f6/cc/6253133b5bb138fc3306cebfbda2c520f545d36b5be2c7255cc528bb45d6/typing_extensions-4.16.0.tar.gz", hash = "sha256:dc983d19a509c94dba722ee6abd33940f7c05a89e243c47e907eb4db6f1a43e5", size = 113555, upload-time = "2026-07-02T08:40:05.92Z" }
wheels = [
    { url = "https://files.pythonhosted.org/packages/49/d3/b8441a820a491ddfc024b0b0cf0393375b75ea13866d9c66727e54c2fc80/typing_extensions-4.16.0-py3-none-any.whl", hash = "sha256:481caa481374e813c1b176ada14e97f1f67a4539ce9cfeb3f350d78d6370c2e8", size = 45571, upload-time = "2026-07-02T08:40:04.659Z" },
]
